{
    "name": "miniprogram-5",
    "version": "1.0.0",
    "lockfileVersion": 3,
    "requires": true,
    "packages": {
        "": {
            "name": "miniprogram-5",
            "version": "1.0.0",
            "license": "ISC",
            "dependencies": {
                "@vant/weapp": "^1.11.1",
                "miniprogram-api-promise": "^1.0.4",
                "towxml": "^3.0.6"
            },
            "devDependencies": {
                "miniprogram-api-typings": "^4.0.5"
            }
        },
        "node_modules/@vant/weapp": {
            "version": "1.11.7",
            "resolved": "https://registry.npmmirror.com/@vant/weapp/-/weapp-1.11.7.tgz",
            "integrity": "sha512-Rwn9BBnb4kHSV4XmvBicwtd42J+amEUfnFDcXJsGNPNX4a9c/DoT6YLsm4X1wB2+sQbdiQsbFBLAvGRBxCkD8g==",
            "license": "MIT"
        },
        "node_modules/fs-extra": {
            "version": "8.1.0",
            "resolved": "https://registry.npmmirror.com/fs-extra/-/fs-extra-8.1.0.tgz",
            "integrity": "sha512-yhlQgA6mnOJUKOsRUFsgJdQCvkKhcz8tlZG5HBQfReYZy46OwLcY+Zia0mtdHsOo9y/hP+CxMN0TU9QxoOtG4g==",
            "license": "MIT",
            "dependencies": {
                "graceful-fs": "^4.2.0",
                "jsonfile": "^4.0.0",
                "universalify": "^0.1.0"
            },
            "engines": {
                "node": ">=6 <7 || >=8"
            }
        },
        "node_modules/graceful-fs": {
            "version": "4.2.11",
            "resolved": "https://registry.npmmirror.com/graceful-fs/-/graceful-fs-4.2.11.tgz",
            "integrity": "sha512-RbJ5/jmFcNNCcDV5o9eTnBLJ/HszWV0P73bc+Ff4nS/rJj+YaS6IGyiOL0VoBYX+l1Wrl3k63h/KrH+nhJ0XvQ==",
            "license": "ISC"
        },
        "node_modules/jsonfile": {
            "version": "4.0.0",
            "resolved": "https://registry.npmmirror.com/jsonfile/-/jsonfile-4.0.0.tgz",
            "integrity": "sha512-m6F1R3z8jjlf2imQHS2Qez5sjKWQzbuuhuJ/FKYFRZvPE3PuHcSMVZzfsLhGVOkfd20obL5SWEBew5ShlquNxg==",
            "license": "MIT",
            "optionalDependencies": {
                "graceful-fs": "^4.1.6"
            }
        },
        "node_modules/miniprogram-api-promise": {
            "version": "1.0.4",
            "resolved": "https://registry.npmmirror.com/miniprogram-api-promise/-/miniprogram-api-promise-1.0.4.tgz",
            "integrity": "sha512-lS2ukj03Ugy8IJUDmdssklLT4kjzyRtVYwErhyDZkzxtqcxaed2xldRgNrsikigeMUBR9gAs7wgnjSKPlyKIYg==",
            "license": "ISC"
        },
        "node_modules/miniprogram-api-typings": {
            "version": "4.0.5",
            "resolved": "https://registry.npmmirror.com/miniprogram-api-typings/-/miniprogram-api-typings-4.0.5.tgz",
            "integrity": "sha512-34pYYg4pwjsE752x/zs7QYLL0x0UGBL/IxTuVRRIXbFcv1msDRCWGyZK5KpsDm2P78Fdaw+B80B8R1qbvX6YhQ==",
            "dev": true,
            "license": "MIT"
        },
        "node_modules/towxml": {
            "version": "3.0.6",
            "resolved": "https://registry.npmmirror.com/towxml/-/towxml-3.0.6.tgz",
            "integrity": "sha512-AiEEyTYemk3xLlypfihR+vr/slyjvQZvZbGGXQdRklwYY8dbDEGUDopFwAtfW7tVkOc09rfZ7yu040vjJU84cw==",
            "license": "MIT",
            "dependencies": {
                "fs-extra": "^8.1.0"
            }
        },
        "node_modules/universalify": {
            "version": "0.1.2",
            "resolved": "https://registry.npmmirror.com/universalify/-/universalify-0.1.2.tgz",
            "integrity": "sha512-rBJeI5CXAlmy1pV+617WB9J63U6XcazHHF2f2dbJix4XzpUF0RS3Zbj0FGIOCAva5P/d/GBOYaACQ1w+0azUkg==",
            "license": "MIT",
            "engines": {
                "node": ">= 4.0.0"
            }
        }
    }
}
